// !$*UTF8*$!
{
	archiveVersion = 1;
	classes = {
	};
	objectVersion = 56;
	objects = {

/* Begin PBXBuildFile section */
		623F65B12A3B173F0086E827 /* Net-iOS Watch App.app in Embed Watch Content */ = {isa = PBXBuildFile; fileRef = 623F65B02A3B173F0086E827 /* Net-iOS Watch App.app */; settings = {ATTRIBUTES = (RemoveHeadersOnCopy, ); }; };
		623F65B62A3B173F0086E827 /* Net_iOSApp.swift in Sources */ = {isa = PBXBuildFile; fileRef = 623F65B52A3B173F0086E827 /* Net_iOSApp.swift */; };
		623F65B82A3B173F0086E827 /* ContentView.swift in Sources */ = {isa = PBXBuildFile; fileRef = 623F65B72A3B173F0086E827 /* ContentView.swift */; };
		623F65BA2A3B17410086E827 /* Assets.xcassets in Resources */ = {isa = PBXBuildFile; fileRef = 623F65B92A3B17410086E827 /* Assets.xcassets */; };
		623F65BD2A3B17410086E827 /* Preview Assets.xcassets in Resources */ = {isa = PBXBuildFile; fileRef = 623F65BC2A3B17410086E827 /* Preview Assets.xcassets */; };
		62534D6C2A3C88D100CE29E5 /* Counter.swift in Sources */ = {isa = PBXBuildFile; fileRef = 62534D6B2A3C88D100CE29E5 /* Counter.swift */; };
		62534D6E2A3C88E500CE29E5 /* SessionDelegater.swift in Sources */ = {isa = PBXBuildFile; fileRef = 62534D6D2A3C88E500CE29E5 /* SessionDelegater.swift */; };
/* End PBXBuildFile section */

/* Begin PBXContainerItemProxy section */
		623F65B22A3B173F0086E827 /* PBXContainerItemProxy */ = {
			isa = PBXContainerItemProxy;
			containerPortal = 623F65A42A3B173F0086E827 /* Project object */;
			proxyType = 1;
			remoteGlobalIDString = 623F65AF2A3B173F0086E827;
			remoteInfo = "Net-iOS Watch App";
		};
/* End PBXContainerItemProxy section */

/* Begin PBXCopyFilesBuildPhase section */
		623F65C32A3B17410086E827 /* Embed Watch Content */ = {
			isa = PBXCopyFilesBuildPhase;
			buildActionMask = 2147483647;
			dstPath = "$(CONTENTS_FOLDER_PATH)/Watch";
			dstSubfolderSpec = 16;
			files = (
				623F65B12A3B173F0086E827 /* Net-iOS Watch App.app in Embed Watch Content */,
			);
			name = "Embed Watch Content";
			runOnlyForDeploymentPostprocessing = 0;
		};
/* End PBXCopyFilesBuildPhase section */

/* Begin PBXFileReference section */
		623F65AA2A3B173F0086E827 /* Net-iOS.app */ = {isa = PBXFileReference; explicitFileType = wrapper.application; includeInIndex = 0; path = "Net-iOS.app"; sourceTree = BUILT_PRODUCTS_DIR; };
		623F65B02A3B173F0086E827 /* Net-iOS Watch App.app */ = {isa = PBXFileReference; explicitFileType = wrapper.application; includeInIndex = 0; path = "Net-iOS Watch App.app"; sourceTree = BUILT_PRODUCTS_DIR; };
		623F65B52A3B173F0086E827 /* Net_iOSApp.swift */ = {isa = PBXFileReference; lastKnownFileType = sourcecode.swift; path = Net_iOSApp.swift; sourceTree = "<group>"; };
		623F65B72A3B173F0086E827 /* ContentView.swift */ = {isa = PBXFileReference; lastKnownFileType = sourcecode.swift; path = ContentView.swift; sourceTree = "<group>"; };
		623F65B92A3B17410086E827 /* Assets.xcassets */ = {isa = PBXFileReference; lastKnownFileType = folder.assetcatalog; path = Assets.xcassets; sourceTree = "<group>"; };
		623F65BC2A3B17410086E827 /* Preview Assets.xcassets */ = {isa = PBXFileReference; lastKnownFileType = folder.assetcatalog; path = "Preview Assets.xcassets"; sourceTree = "<group>"; };
		62534D6B2A3C88D100CE29E5 /* Counter.swift */ = {isa = PBXFileReference; fileEncoding = 4; lastKnownFileType = sourcecode.swift; path = Counter.swift; sourceTree = "<group>"; };
		62534D6D2A3C88E500CE29E5 /* SessionDelegater.swift */ = {isa = PBXFileReference; fileEncoding = 4; lastKnownFileType = sourcecode.swift; path = SessionDelegater.swift; sourceTree = "<group>"; };
/* End PBXFileReference section */

/* Begin PBXFrameworksBuildPhase section */
		623F65AD2A3B173F0086E827 /* Frameworks */ = {
			isa = PBXFrameworksBuildPhase;
			buildActionMask = 2147483647;
			files = (
			);
			runOnlyForDeploymentPostprocessing = 0;
		};
/* End PBXFrameworksBuildPhase section */

/* Begin PBXGroup section */
		623F65A32A3B173F0086E827 = {
			isa = PBXGroup;
			children = (
				623F65B42A3B173F0086E827 /* Net-iOS Watch App */,
				623F65AB2A3B173F0086E827 /* Products */,
			);
			sourceTree = "<group>";
		};
		623F65AB2A3B173F0086E827 /* Products */ = {
			isa = PBXGroup;
			children = (
				623F65AA2A3B173F0086E827 /* Net-iOS.app */,
				623F65B02A3B173F0086E827 /* Net-iOS Watch App.app */,
			);
			name = Products;
			sourceTree = "<group>";
		};
		623F65B42A3B173F0086E827 /* Net-iOS Watch App */ = {
			isa = PBXGroup;
			children = (
				623F65B52A3B173F0086E827 /* Net_iOSApp.swift */,
				623F65B72A3B173F0086E827 /* ContentView.swift */,
				62534D6B2A3C88D100CE29E5 /* Counter.swift */,
				62534D6D2A3C88E500CE29E5 /* SessionDelegater.swift */,
				623F65B92A3B17410086E827 /* Assets.xcassets */,
				623F65BB2A3B17410086E827 /* Preview Content */,
			);
			path = "Net-iOS Watch App";
			sourceTree = "<group>";
		};
		623F65BB2A3B17410086E827 /* Preview Content */ = {
			isa = PBXGroup;
			children = (
				623F65BC2A3B17410086E827 /* Preview Assets.xcassets */,
			);
			path = "Preview Content";
			sourceTree = "<group>";
		};
/* End PBXGroup section */

/* Begin PBXNativeTarget section */
		623F65A92A3B173F0086E827 /* Net-iOS */ = {
			isa = PBXNativeTarget;
			buildConfigurationList = 623F65C42A3B17410086E827 /* Build configuration list for PBXNativeTarget "Net-iOS" */;
			buildPhases = (
				623F65A82A3B173F0086E827 /* Resources */,
				623F65C32A3B17410086E827 /* Embed Watch Content */,
			);
			buildRules = (
			);
			dependencies = (
				623F65B32A3B173F0086E827 /* PBXTargetDependency */,
			);
			name = "Net-iOS";
			productName = "Net-iOS";
			productReference = 623F65AA2A3B173F0086E827 /* Net-iOS.app */;
			productType = "com.apple.product-type.application.watchapp2-container";
		};
		623F65AF2A3B173F0086E827 /* Net-iOS Watch App */ = {
			isa = PBXNativeTarget;
			buildConfigurationList = 623F65C02A3B17410086E827 /* Build configuration list for PBXNativeTarget "Net-iOS Watch App" */;
			buildPhases = (
				623F65AC2A3B173F0086E827 /* Sources */,
				623F65AD2A3B173F0086E827 /* Frameworks */,
				623F65AE2A3B173F0086E827 /* Resources */,
			);
			buildRules = (
			);
			dependencies = (
			);
			name = "Net-iOS Watch App";
			productName = "Net-iOS Watch App";
			productReference = 623F65B02A3B173F0086E827 /* Net-iOS Watch App.app */;
			productType = "com.apple.product-type.application";
		};
/* End PBXNativeTarget section */

/* Begin PBXProject section */
		623F65A42A3B173F0086E827 /* Project object */ = {
			isa = PBXProject;
			attributes = {
				BuildIndependentTargetsInParallel = 1;
				LastSwiftUpdateCheck = 1430;
				LastUpgradeCheck = 1430;
				TargetAttributes = {
					623F65A92A3B173F0086E827 = {
						CreatedOnToolsVersion = 14.3;
					};
					623F65AF2A3B173F0086E827 = {
						CreatedOnToolsVersion = 14.3;
					};
				};
			};
			buildConfigurationList = 623F65A72A3B173F0086E827 /* Build configuration list for PBXProject "Net-iOS" */;
			compatibilityVersion = "Xcode 14.0";
			developmentRegion = en;
			hasScannedForEncodings = 0;
			knownRegions = (
				en,
				Base,
			);
			mainGroup = 623F65A32A3B173F0086E827;
			productRefGroup = 623F65AB2A3B173F0086E827 /* Products */;
			projectDirPath = "";
			projectRoot = "";
			targets = (
				623F65A92A3B173F0086E827 /* Net-iOS */,
				623F65AF2A3B173F0086E827 /* Net-iOS Watch App */,
			);
		};
/* End PBXProject section */

/* Begin PBXResourcesBuildPhase section */
		623F65A82A3B173F0086E827 /* Resources */ = {
			isa = PBXResourcesBuildPhase;
			buildActionMask = 2147483647;
			files = (
			);
			runOnlyForDeploymentPostprocessing = 0;
		};
		623F65AE2A3B173F0086E827 /* Resources */ = {
			isa = PBXResourcesBuildPhase;
			buildActionMask = 2147483647;
			files = (
				623F65BD2A3B17410086E827 /* Preview Assets.xcassets in Resources */,
				623F65BA2A3B17410086E827 /* Assets.xcassets in Resources */,
			);
			runOnlyForDeploymentPostprocessing = 0;
		};
/* End PBXResourcesBuildPhase section */

/* Begin PBXSourcesBuildPhase section */
		623F65AC2A3B173F0086E827 /* Sources */ = {
			isa = PBXSourcesBuildPhase;
			buildActionMask = 2147483647;
			files = (
				623F65B82A3B173F0086E827 /* ContentView.swift in Sources */,
				623F65B62A3B173F0086E827 /* Net_iOSApp.swift in Sources */,
				62534D6E2A3C88E500CE29E5 /* SessionDelegater.swift in Sources */,
				62534D6C2A3C88D100CE29E5 /* Counter.swift in Sources */,
			);
			runOnlyForDeploymentPostprocessing = 0;
		};
/* End PBXSourcesBuildPhase section */

/* Begin PBXTargetDependency section */
		623F65B32A3B173F0086E827 /* PBXTargetDependency */ = {
			isa = PBXTargetDependency;
			target = 623F65AF2A3B173F0086E827 /* Net-iOS Watch App */;
			targetProxy = 623F65B22A3B173F0086E827 /* PBXContainerItemProxy */;
		};
/* End PBXTargetDependency section */

/* Begin XCBuildConfiguration section */
		623F65BE2A3B17410086E827 /* Debug */ = {
			isa = XCBuildConfiguration;
			buildSettings = {
				ALWAYS_SEARCH_USER_PATHS = NO;
				CLANG_ANALYZER_NONNULL = YES;
				CLANG_ANALYZER_NUMBER_OBJECT_CONVERSION = YES_AGGRESSIVE;
				CLANG_CXX_LANGUAGE_STANDARD = "gnu++20";
				CLANG_ENABLE_MODULES = YES;
				CLANG_ENABLE_OBJC_ARC = YES;
				CLANG_ENABLE_OBJC_WEAK = YES;
				CLANG_WARN_BLOCK_CAPTURE_AUTORELEASING = YES;
				CLANG_WARN_BOOL_CONVERSION = YES;
				CLANG_WARN_COMMA = YES;
				CLANG_WARN_CONSTANT_CONVERSION = YES;
				CLANG_WARN_DEPRECATED_OBJC_IMPLEMENTATIONS = YES;
				CLANG_WARN_DIRECT_OBJC_ISA_USAGE = YES_ERROR;
				CLANG_WARN_DOCUMENTATION_COMMENTS = YES;
				CLANG_WARN_EMPTY_BODY = YES;
				CLANG_WARN_ENUM_CONVERSION = YES;
				CLANG_WARN_INFINITE_RECURSION = YES;
				CLANG_WARN_INT_CONVERSION = YES;
				CLANG_WARN_NON_LITERAL_NULL_CONVERSION = YES;
				CLANG_WARN_OBJC_IMPLICIT_RETAIN_SELF = YES;
				CLANG_WARN_OBJC_LITERAL_CONVERSION = YES;
				CLANG_WARN_OBJC_ROOT_CLASS = YES_ERROR;
				CLANG_WARN_QUOTED_INCLUDE_IN_FRAMEWORK_HEADER = YES;
				CLANG_WARN_RANGE_LOOP_ANALYSIS = YES;
				CLANG_WARN_STRICT_PROTOTYPES = YES;
				CLANG_WARN_SUSPICIOUS_MOVE = YES;
				CLANG_WARN_UNGUARDED_AVAILABILITY = YES_AGGRESSIVE;
				CLANG_WARN_UNREACHABLE_CODE = YES;
				CLANG_WARN__DUPLICATE_METHOD_MATCH = YES;
				COPY_PHASE_STRIP = NO;
				DEBUG_INFORMATION_FORMAT = dwarf;
				ENABLE_STRICT_OBJC_MSGSEND = YES;
				ENABLE_TESTABILITY = YES;
				GCC_C_LANGUAGE_STANDARD = gnu11;
				GCC_DYNAMIC_NO_PIC = NO;
				GCC_NO_COMMON_BLOCKS = YES;
				GCC_OPTIMIZATION_LEVEL = 0;
				GCC_PREPROCESSOR_DEFINITIONS = (
					"DEBUG=1",
					"$(inherited)",
				);
				GCC_WARN_64_TO_32_BIT_CONVERSION = YES;
				GCC_WARN_ABOUT_RETURN_TYPE = YES_ERROR;
				GCC_WARN_UNDECLARED_SELECTOR = YES;
				GCC_WARN_UNINITIALIZED_AUTOS = YES_AGGRESSIVE;
				GCC_WARN_UNUSED_FUNCTION = YES;
				GCC_WARN_UNUSED_VARIABLE = YES;
				IPHONEOS_DEPLOYMENT_TARGET = 16.1;
				MTL_ENABLE_DEBUG_INFO = INCLUDE_SOURCE;
				MTL_FAST_MATH = YES;
				ONLY_ACTIVE_ARCH = YES;
				SWIFT_ACTIVE_COMPILATION_CONDITIONS = DEBUG;
				SWIFT_OPTIMIZATION_LEVEL = "-Onone";
			};
			name = Debug;
		};
		623F65BF2A3B17410086E827 /* Release */ = {
			isa = XCBuildConfiguration;
			buildSettings = {
				ALWAYS_SEARCH_USER_PATHS = NO;
				CLANG_ANALYZER_NONNULL = YES;
				CLANG_ANALYZER_NUMBER_OBJECT_CONVERSION = YES_AGGRESSIVE;
				CLANG_CXX_LANGUAGE_STANDARD = "gnu++20";
				CLANG_ENABLE_MODULES = YES;
				CLANG_ENABLE_OBJC_ARC = YES;
				CLANG_ENABLE_OBJC_WEAK = YES;
				CLANG_WARN_BLOCK_CAPTURE_AUTORELEASING = YES;
				CLANG_WARN_BOOL_CONVERSION = YES;
				CLANG_WARN_COMMA = YES;
				CLANG_WARN_CONSTANT_CONVERSION = YES;
				CLANG_WARN_DEPRECATED_OBJC_IMPLEMENTATIONS = YES;
				CLANG_WARN_DIRECT_OBJC_ISA_USAGE = YES_ERROR;
				CLANG_WARN_DOCUMENTATION_COMMENTS = YES;
				CLANG_WARN_EMPTY_BODY = YES;
				CLANG_WARN_ENUM_CONVERSION = YES;
				CLANG_WARN_INFINITE_RECURSION = YES;
				CLANG_WARN_INT_CONVERSION = YES;
				CLANG_WARN_NON_LITERAL_NULL_CONVERSION = YES;
				CLANG_WARN_OBJC_IMPLICIT_RETAIN_SELF = YES;
				CLANG_WARN_OBJC_LITERAL_CONVERSION = YES;
				CLANG_WARN_OBJC_ROOT_CLASS = YES_ERROR;
				CLANG_WARN_QUOTED_INCLUDE_IN_FRAMEWORK_HEADER = YES;
				CLANG_WARN_RANGE_LOOP_ANALYSIS = YES;
				CLANG_WARN_STRICT_PROTOTYPES = YES;
				CLANG_WARN_SUSPICIOUS_MOVE = YES;
				CLANG_WARN_UNGUARDED_AVAILABILITY = YES_AGGRESSIVE;
				CLANG_WARN_UNREACHABLE_CODE = YES;
				CLANG_WARN__DUPLICATE_METHOD_MATCH = YES;
				COPY_PHASE_STRIP = NO;
				DEBUG_INFORMATION_FORMAT = "dwarf-with-dsym";
				ENABLE_NS_ASSERTIONS = NO;
				ENABLE_STRICT_OBJC_MSGSEND = YES;
				GCC_C_LANGUAGE_STANDARD = gnu11;
				GCC_NO_COMMON_BLOCKS = YES;
				GCC_WARN_64_TO_32_BIT_CONVERSION = YES;
				GCC_WARN_ABOUT_RETURN_TYPE = YES_ERROR;
				GCC_WARN_UNDECLARED_SELECTOR = YES;
				GCC_WARN_UNINITIALIZED_AUTOS = YES_AGGRESSIVE;
				GCC_WARN_UNUSED_FUNCTION = YES;
				GCC_WARN_UNUSED_VARIABLE = YES;
				IPHONEOS_DEPLOYMENT_TARGET = 16.1;
				MTL_ENABLE_DEBUG_INFO = NO;
				MTL_FAST_MATH = YES;
				SWIFT_COMPILATION_MODE = wholemodule;
				SWIFT_OPTIMIZATION_LEVEL = "-O";
			};
			name = Release;
		};
		623F65C12A3B17410086E827 /* Debug */ = {
			isa = XCBuildConfiguration;
			buildSettings = {
				ASSETCATALOG_COMPILER_APPICON_NAME = AppIcon;
				ASSETCATALOG_COMPILER_GLOBAL_ACCENT_COLOR_NAME = AccentColor;
				CODE_SIGN_STYLE = Automatic;
				CURRENT_PROJECT_VERSION = 1.0;
				DEVELOPMENT_ASSET_PATHS = "\"Net-iOS Watch App/Preview Content\"";
				DEVELOPMENT_TEAM = 5KEDKC5DB9;
				ENABLE_PREVIEWS = YES;
				GENERATE_INFOPLIST_FILE = YES;
				INFOPLIST_KEY_CFBundleDisplayName = "Net-iOS";
				INFOPLIST_KEY_UISupportedInterfaceOrientations = "UIInterfaceOrientationPortrait UIInterfaceOrientationPortraitUpsideDown";
				INFOPLIST_KEY_WKCompanionAppBundleIdentifier = com.onurhazar.netios;
				INFOPLIST_KEY_WKRunsIndependentlyOfCompanionApp = NO;
				LD_RUNPATH_SEARCH_PATHS = (
					"$(inherited)",
					"@executable_path/Frameworks",
				);
				MARKETING_VERSION = 1.0;
				PRODUCT_BUNDLE_IDENTIFIER = com.onurhazar.netios.watchkitapp;
				PRODUCT_NAME = "$(TARGET_NAME)";
				SDKROOT = watchos;
				SKIP_INSTALL = YES;
				SWIFT_EMIT_LOC_STRINGS = YES;
				SWIFT_VERSION = 5.0;
				TARGETED_DEVICE_FAMILY = 4;
				WATCHOS_DEPLOYMENT_TARGET = 9.4;
			};
			name = Debug;
		};
		623F65C22A3B17410086E827 /* Release */ = {
			isa = XCBuildConfiguration;
			buildSettings = {
				ASSETCATALOG_COMPILER_APPICON_NAME = AppIcon;
				ASSETCATALOG_COMPILER_GLOBAL_ACCENT_COLOR_NAME = AccentColor;
				CODE_SIGN_STYLE = Automatic;
				CURRENT_PROJECT_VERSION = 1.0;
				DEVELOPMENT_ASSET_PATHS = "\"Net-iOS Watch App/Preview Content\"";
				DEVELOPMENT_TEAM = 5KEDKC5DB9;
				ENABLE_PREVIEWS = YES;
				GENERATE_INFOPLIST_FILE = YES;
				INFOPLIST_KEY_CFBundleDisplayName = "Net-iOS";
				INFOPLIST_KEY_UISupportedInterfaceOrientations = "UIInterfaceOrientationPortrait UIInterfaceOrientationPortraitUpsideDown";
				INFOPLIST_KEY_WKCompanionAppBundleIdentifier = com.onurhazar.netios;
				INFOPLIST_KEY_WKRunsIndependentlyOfCompanionApp = NO;
				LD_RUNPATH_SEARCH_PATHS = (
					"$(inherited)",
					"@executable_path/Frameworks",
				);
				MARKETING_VERSION = 1.0;
				PRODUCT_BUNDLE_IDENTIFIER = com.onurhazar.netios.watchkitapp;
				PRODUCT_NAME = "$(TARGET_NAME)";
				SDKROOT = watchos;
				SKIP_INSTALL = YES;
				SWIFT_EMIT_LOC_STRINGS = YES;
				SWIFT_VERSION = 5.0;
				TARGETED_DEVICE_FAMILY = 4;
				VALIDATE_PRODUCT = YES;
				WATCHOS_DEPLOYMENT_TARGET = 9.4;
			};
			name = Release;
		};
		623F65C52A3B17410086E827 /* Debug */ = {
			isa = XCBuildConfiguration;
			buildSettings = {
				ALWAYS_EMBED_SWIFT_STANDARD_LIBRARIES = YES;
				CODE_SIGN_STYLE = Automatic;
				CURRENT_PROJECT_VERSION = 1;
				DEVELOPMENT_TEAM = 5KEDKC5DB9;
				INFOPLIST_KEY_CFBundleDisplayName = "Net-iOS";
				MARKETING_VERSION = 1.0;
				PRODUCT_BUNDLE_IDENTIFIER = "com.onurhazar.Net-iOS";
				PRODUCT_NAME = "$(TARGET_NAME)";
				SDKROOT = iphoneos;
				SWIFT_VERSION = 5.0;
			};
			name = Debug;
		};
		623F65C62A3B17410086E827 /* Release */ = {
			isa = XCBuildConfiguration;
			buildSettings = {
				ALWAYS_EMBED_SWIFT_STANDARD_LIBRARIES = YES;
				CODE_SIGN_STYLE = Automatic;
				CURRENT_PROJECT_VERSION = 1;
				DEVELOPMENT_TEAM = 5KEDKC5DB9;
				INFOPLIST_KEY_CFBundleDisplayName = "Net-iOS";
				MARKETING_VERSION = 1.0;
				PRODUCT_BUNDLE_IDENTIFIER = "com.onurhazar.Net-iOS";
				PRODUCT_NAME = "$(TARGET_NAME)";
				SDKROOT = iphoneos;
				SWIFT_VERSION = 5.0;
				VALIDATE_PRODUCT = YES;
			};
			name = Release;
		};
/* End XCBuildConfiguration section */

/* Begin XCConfigurationList section */
		623F65A72A3B173F0086E827 /* Build configuration list for PBXProject "Net-iOS" */ = {
			isa = XCConfigurationList;
			buildConfigurations = (
				623F65BE2A3B17410086E827 /* Debug */,
				623F65BF2A3B17410086E827 /* Release */,
			);
			defaultConfigurationIsVisible = 0;
			defaultConfigurationName = Release;
		};
		623F65C02A3B17410086E827 /* Build configuration list for PBXNativeTarget "Net-iOS Watch App" */ = {
			isa = XCConfigurationList;
			buildConfigurations = (
				623F65C12A3B17410086E827 /* Debug */,
				623F65C22A3B17410086E827 /* Release */,
			);
			defaultConfigurationIsVisible = 0;
			defaultConfigurationName = Release;
		};
		623F65C42A3B17410086E827 /* Build configuration list for PBXNativeTarget "Net-iOS" */ = {
			isa = XCConfigurationList;
			buildConfigurations = (
				623F65C52A3B17410086E827 /* Debug */,
				623F65C62A3B17410086E827 /* Release */,
			);
			defaultConfigurationIsVisible = 0;
			defaultConfigurationName = Release;
		};
/* End XCConfigurationList section */
	};
	rootObject = 623F65A42A3B173F0086E827 /* Project object */;
}
